
Microsoft Visual Studio Solution File, Format Version 12.00
# Visual Studio Version 17
VisualStudioVersion = 17.12.35514.174 d17.12
MinimumVisualStudioVersion = 10.0.40219.1
Project("{FAE04EC0-301F-11D3-BF4B-00C04F79EFBC}") = "DiarioOficial.API", "DiarioOficial.API.csproj", "{06D9467E-112A-4A1C-A0A1-6D87B14B8EE9}"
EndProject
Project("{FAE04EC0-301F-11D3-BF4B-00C04F79EFBC}") = "DiarioOficial.Application", "..\DiarioOficial.Application\DiarioOficial.Application.csproj", "{5C67FE94-AB4E-4FBE-B09E-9FEDC2613B49}"
EndProject
Project("{FAE04EC0-301F-11D3-BF4B-00C04F79EFBC}") = "DiarioOficial.Domain", "..\DiarioOficial.Domain\DiarioOficial.Domain.csproj", "{CA4BE509-BE3B-4524-8A63-9FAFE6E65C90}"
EndProject
Project("{FAE04EC0-301F-11D3-BF4B-00C04F79EFBC}") = "DiarioOficial.Infraestructure", "..\DiarioOficial.Infraestructure\DiarioOficial.Infraestructure.csproj", "{CEEBFA13-06D4-48CC-9A90-F4A30D89ED85}"
EndProject
Global
	GlobalSection(SolutionConfigurationPlatforms) = preSolution
		Debug|Any CPU = Debug|Any CPU
		Release|Any CPU = Release|Any CPU
	EndGlobalSection
	GlobalSection(ProjectConfigurationPlatforms) = postSolution
		{06D9467E-112A-4A1C-A0A1-6D87B14B8EE9}.Debug|Any CPU.ActiveCfg = Debug|Any CPU
		{06D9467E-112A-4A1C-A0A1-6D87B14B8EE9}.Debug|Any CPU.Build.0 = Debug|Any CPU
		{06D9467E-112A-4A1C-A0A1-6D87B14B8EE9}.Release|Any CPU.ActiveCfg = Release|Any CPU
		{06D9467E-112A-4A1C-A0A1-6D87B14B8EE9}.Release|Any CPU.Build.0 = Release|Any CPU
		{5C67FE94-AB4E-4FBE-B09E-9FEDC2613B49}.Debug|Any CPU.ActiveCfg = Debug|Any CPU
		{5C67FE94-AB4E-4FBE-B09E-9FEDC2613B49}.Debug|Any CPU.Build.0 = Debug|Any CPU
		{5C67FE94-AB4E-4FBE-B09E-9FEDC2613B49}.Release|Any CPU.ActiveCfg = Release|Any CPU
		{5C67FE94-AB4E-4FBE-B09E-9FEDC2613B49}.Release|Any CPU.Build.0 = Release|Any CPU
		{CA4BE509-BE3B-4524-8A63-9FAFE6E65C90}.Debug|Any CPU.ActiveCfg = Debug|Any CPU
		{CA4BE509-BE3B-4524-8A63-9FAFE6E65C90}.Debug|Any CPU.Build.0 = Debug|Any CPU
		{CA4BE509-BE3B-4524-8A63-9FAFE6E65C90}.Release|Any CPU.ActiveCfg = Release|Any CPU
		{CA4BE509-BE3B-4524-8A63-9FAFE6E65C90}.Release|Any CPU.Build.0 = Release|Any CPU
		{CEEBFA13-06D4-48CC-9A90-F4A30D89ED85}.Debug|Any CPU.ActiveCfg = Debug|Any CPU
		{CEEBFA13-06D4-48CC-9A90-F4A30D89ED85}.Debug|Any CPU.Build.0 = Debug|Any CPU
		{CEEBFA13-06D4-48CC-9A90-F4A30D89ED85}.Release|Any CPU.ActiveCfg = Release|Any CPU
		{CEEBFA13-06D4-48CC-9A90-F4A30D89ED85}.Release|Any CPU.Build.0 = Release|Any CPU
	EndGlobalSection
	GlobalSection(SolutionProperties) = preSolution
		HideSolutionNode = FALSE
	EndGlobalSection
EndGlobal
